
Microsoft Visual Studio Solution File, Format Version 12.00
# Visual Studio Version 16
VisualStudioVersion = 16.0.30204.135
MinimumVisualStudioVersion = 10.0.40219.1
Project("{FAE04EC0-301F-11D3-BF4B-00C04F79EFBC}") = "BlockbusterApp", "BlockbusterApp\BlockbusterApp.csproj", "{B9593297-5E42-41EB-8E17-98EC7ED2603B}"
EndProject
Global
	GlobalSection(SolutionConfigurationPlatforms) = preSolution
		Debug|Any CPU = Debug|Any CPU
		Release|Any CPU = Release|Any CPU
	EndGlobalSection
	GlobalSection(ProjectConfigurationPlatforms) = postSolution
		{B9593297-5E42-41EB-8E17-98EC7ED2603B}.Debug|Any CPU.ActiveCfg = Debug|Any CPU
		{B9593297-5E42-41EB-8E17-98EC7ED2603B}.Debug|Any CPU.Build.0 = Debug|Any CPU
		{B9593297-5E42-41EB-8E17-98EC7ED2603B}.Release|Any CPU.ActiveCfg = Release|Any CPU
		{B9593297-5E42-41EB-8E17-98EC7ED2603B}.Release|Any CPU.Build.0 = Release|Any CPU
	EndGlobalSection
	GlobalSection(SolutionProperties) = preSolution
		HideSolutionNode = FALSE
	EndGlobalSection
	GlobalSection(ExtensibilityGlobals) = postSolution
		SolutionGuid = {4E9D7A64-40C2-4BA9-92DA-19EF72D3C556}
	EndGlobalSection
EndGlobal
